// !$*UTF8*$!
{
	archiveVersion = 1;
	classes = {
	};
	objectVersion = 55;
	objects = {

/* Begin PBXBuildFile section */
		2AD812D028AE8D9600D6416C /* AppDelegate.swift in Sources */ = {isa = PBXBuildFile; fileRef = 2AD812CF28AE8D9600D6416C /* AppDelegate.swift */; };
		2AD812D228AE8D9600D6416C /* SceneDelegate.swift in Sources */ = {isa = PBXBuildFile; fileRef = 2AD812D128AE8D9600D6416C /* SceneDelegate.swift */; };
		2AD812D428AE8D9600D6416C /* ViewController.swift in Sources */ = {isa = PBXBuildFile; fileRef = 2AD812D328AE8D9600D6416C /* ViewController.swift */; };
		2AD812D728AE8D9600D6416C /* Main.storyboard in Resources */ = {isa = PBXBuildFile; fileRef = 2AD812D528AE8D9600D6416C /* Main.storyboard */; };
		2AD812D928AE8D9700D6416C /* Assets.xcassets in Resources */ = {isa = PBXBuildFile; fileRef = 2AD812D828AE8D9700D6416C /* Assets.xcassets */; };
		2AD812DC28AE8D9700D6416C /* LaunchScreen.storyboard in Resources */ = {isa = PBXBuildFile; fileRef = 2AD812DA28AE8D9700D6416C /* LaunchScreen.storyboard */; };
		2AD812E728AE8D9700D6416C /* TechtaGramTests.swift in Sources */ = {isa = PBXBuildFile; fileRef = 2AD812E628AE8D9700D6416C /* TechtaGramTests.swift */; };
		2AD812F128AE8D9700D6416C /* TechtaGramUITests.swift in Sources */ = {isa = PBXBuildFile; fileRef = 2AD812F028AE8D9700D6416C /* TechtaGramUITests.swift */; };
		2AD812F328AE8D9700D6416C /* TechtaGramUITestsLaunchTests.swift in Sources */ = {isa = PBXBuildFile; fileRef = 2AD812F228AE8D9700D6416C /* TechtaGramUITestsLaunchTests.swift */; };
/* End PBXBuildFile section */

/* Begin PBXContainerItemProxy section */
		2AD812E328AE8D9700D6416C /* PBXContainerItemProxy */ = {
			isa = PBXContainerItemProxy;
			containerPortal = 2AD812C428AE8D9600D6416C /* Project object */;
			proxyType = 1;
			remoteGlobalIDString = 2AD812CB28AE8D9600D6416C;
			remoteInfo = TechtaGram;
		};
		2AD812ED28AE8D9700D6416C /* PBXContainerItemProxy */ = {
			isa = PBXContainerItemProxy;
			containerPortal = 2AD812C428AE8D9600D6416C /* Project object */;
			proxyType = 1;
			remoteGlobalIDString = 2AD812CB28AE8D9600D6416C;
			remoteInfo = TechtaGram;
		};
/* End PBXContainerItemProxy section */

/* Begin PBXFileReference section */
		2AD812CC28AE8D9600D6416C /* TechtaGram.app */ = {isa = PBXFileReference; explicitFileType = wrapper.application; includeInIndex = 0; path = TechtaGram.app; sourceTree = BUILT_PRODUCTS_DIR; };
		2AD812CF28AE8D9600D6416C /* AppDelegate.swift */ = {isa = PBXFileReference; lastKnownFileType = sourcecode.swift; path = AppDelegate.swift; sourceTree = "<group>"; };
		2AD812D128AE8D9600D6416C /* SceneDelegate.swift */ = {isa = PBXFileReference; lastKnownFileType = sourcecode.swift; path = SceneDelegate.swift; sourceTree = "<group>"; };
		2AD812D328AE8D9600D6416C /* ViewController.swift */ = {isa = PBXFileReference; lastKnownFileType = sourcecode.swift; path = ViewController.swift; sourceTree = "<group>"; };
		2AD812D628AE8D9600D6416C /* Base */ = {isa = PBXFileReference; lastKnownFileType = file.storyboard; name = Base; path = Base.lproj/Main.storyboard; sourceTree = "<group>"; };
		2AD812D828AE8D9700D6416C /* Assets.xcassets */ = {isa = PBXFileReference; lastKnownFileType = folder.assetcatalog; path = Assets.xcassets; sourceTree = "<group>"; };
		2AD812DB28AE8D9700D6416C /* Base */ = {isa = PBXFileReference; lastKnownFileType = file.storyboard; name = Base; path = Base.lproj/LaunchScreen.storyboard; sourceTree = "<group>"; };
		2AD812DD28AE8D9700D6416C /* Info.plist */ = {isa = PBXFileReference; lastKnownFileType = text.plist.xml; path = Info.plist; sourceTree = "<group>"; };
		2AD812E228AE8D9700D6416C /* TechtaGramTests.xctest */ = {isa = PBXFileReference; explicitFileType = wrapper.cfbundle; includeInIndex = 0; path = TechtaGramTests.xctest; sourceTree = BUILT_PRODUCTS_DIR; };
		2AD812E628AE8D9700D6416C /* TechtaGramTests.swift */ = {isa = PBXFileReference; lastKnownFileType = sourcecode.swift; path = TechtaGramTests.swift; sourceTree = "<group>"; };
		2AD812EC28AE8D9700D6416C /* TechtaGramUITests.xctest */ = {isa = PBXFileReference; explicitFileType = wrapper.cfbundle; includeInIndex = 0; path = TechtaGramUITests.xctest; sourceTree = BUILT_PRODUCTS_DIR; };
		2AD812F028AE8D9700D6416C /* TechtaGramUITests.swift */ = {isa = PBXFileReference; lastKnownFileType = sourcecode.swift; path = TechtaGramUITests.swift; sourceTree = "<group>"; };
		2AD812F228AE8D9700D6416C /* TechtaGramUITestsLaunchTests.swift */ = {isa = PBXFileReference; lastKnownFileType = sourcecode.swift; path = TechtaGramUITestsLaunchTests.swift; sourceTree = "<group>"; };
/* End PBXFileReference section */

/* Begin PBXFrameworksBuildPhase section */
		2AD812C928AE8D9600D6416C /* Frameworks */ = {
			isa = PBXFrameworksBuildPhase;
			buildActionMask = 2147483647;
			files = (
			);
			runOnlyForDeploymentPostprocessing = 0;
		};
		2AD812DF28AE8D9700D6416C /* Frameworks */ = {
			isa = PBXFrameworksBuildPhase;
			buildActionMask = 2147483647;
			files = (
			);
			runOnlyForDeploymentPostprocessing = 0;
		};
		2AD812E928AE8D9700D6416C /* Frameworks */ = {
			isa = PBXFrameworksBuildPhase;
			buildActionMask = 2147483647;
			files = (
			);
			runOnlyForDeploymentPostprocessing = 0;
		};
/* End PBXFrameworksBuildPhase section */

/* Begin PBXGroup section */
		2AD812C328AE8D9600D6416C = {
			isa = PBXGroup;
			children = (
				2AD812CE28AE8D9600D6416C /* TechtaGram */,
				2AD812E528AE8D9700D6416C /* TechtaGramTests */,
				2AD812EF28AE8D9700D6416C /* TechtaGramUITests */,
				2AD812CD28AE8D9600D6416C /* Products */,
			);
			sourceTree = "<group>";
		};
		2AD812CD28AE8D9600D6416C /* Products */ = {
			isa = PBXGroup;
			children = (
				2AD812CC28AE8D9600D6416C /* TechtaGram.app */,
				2AD812E228AE8D9700D6416C /* TechtaGramTests.xctest */,
				2AD812EC28AE8D9700D6416C /* TechtaGramUITests.xctest */,
			);
			name = Products;
			sourceTree = "<group>";
		};
		2AD812CE28AE8D9600D6416C /* TechtaGram */ = {
			isa = PBXGroup;
			children = (
				2AD812CF28AE8D9600D6416C /* AppDelegate.swift */,
				2AD812D128AE8D9600D6416C /* SceneDelegate.swift */,
				2AD812D328AE8D9600D6416C /* ViewController.swift */,
				2AD812D528AE8D9600D6416C /* Main.storyboard */,
				2AD812D828AE8D9700D6416C /* Assets.xcassets */,
				2AD812DA28AE8D9700D6416C /* LaunchScreen.storyboard */,
				2AD812DD28AE8D9700D6416C /* Info.plist */,
			);
			path = TechtaGram;
			sourceTree = "<group>";
		};
		2AD812E528AE8D9700D6416C /* TechtaGramTests */ = {
			isa = PBXGroup;
			children = (
				2AD812E628AE8D9700D6416C /* TechtaGramTests.swift */,
			);
			path = TechtaGramTests;
			sourceTree = "<group>";
		};
		2AD812EF28AE8D9700D6416C /* TechtaGramUITests */ = {
			isa = PBXGroup;
			children = (
				2AD812F028AE8D9700D6416C /* TechtaGramUITests.swift */,
				2AD812F228AE8D9700D6416C /* TechtaGramUITestsLaunchTests.swift */,
			);
			path = TechtaGramUITests;
			sourceTree = "<group>";
		};
/* End PBXGroup section */

/* Begin PBXNativeTarget section */
		2AD812CB28AE8D9600D6416C /* TechtaGram */ = {
			isa = PBXNativeTarget;
			buildConfigurationList = 2AD812F628AE8D9700D6416C /* Build configuration list for PBXNativeTarget "TechtaGram" */;
			buildPhases = (
				2AD812C828AE8D9600D6416C /* Sources */,
				2AD812C928AE8D9600D6416C /* Frameworks */,
				2AD812CA28AE8D9600D6416C /* Resources */,
			);
			buildRules = (
			);
			dependencies = (
			);
			name = TechtaGram;
			productName = TechtaGram;
			productReference = 2AD812CC28AE8D9600D6416C /* TechtaGram.app */;
			productType = "com.apple.product-type.application";
		};
		2AD812E128AE8D9700D6416C /* TechtaGramTests */ = {
			isa = PBXNativeTarget;
			buildConfigurationList = 2AD812F928AE8D9700D6416C /* Build configuration list for PBXNativeTarget "TechtaGramTests" */;
			buildPhases = (
				2AD812DE28AE8D9700D6416C /* Sources */,
				2AD812DF28AE8D9700D6416C /* Frameworks */,
				2AD812E028AE8D9700D6416C /* Resources */,
			);
			buildRules = (
			);
			dependencies = (
				2AD812E428AE8D9700D6416C /* PBXTargetDependency */,
			);
			name = TechtaGramTests;
			productName = TechtaGramTests;
			productReference = 2AD812E228AE8D9700D6416C /* TechtaGramTests.xctest */;
			productType = "com.apple.product-type.bundle.unit-test";
		};
		2AD812EB28AE8D9700D6416C /* TechtaGramUITests */ = {
			isa = PBXNativeTarget;
			buildConfigurationList = 2AD812FC28AE8D9700D6416C /* Build configuration list for PBXNativeTarget "TechtaGramUITests" */;
			buildPhases = (
				2AD812E828AE8D9700D6416C /* Sources */,
				2AD812E928AE8D9700D6416C /* Frameworks */,
				2AD812EA28AE8D9700D6416C /* Resources */,
			);
			buildRules = (
			);
			dependencies = (
				2AD812EE28AE8D9700D6416C /* PBXTargetDependency */,
			);
			name = TechtaGramUITests;
			productName = TechtaGramUITests;
			productReference = 2AD812EC28AE8D9700D6416C /* TechtaGramUITests.xctest */;
			productType = "com.apple.product-type.bundle.ui-testing";
		};
/* End PBXNativeTarget section */

/* Begin PBXProject section */
		2AD812C428AE8D9600D6416C /* Project object */ = {
			isa = PBXProject;
			attributes = {
				BuildIndependentTargetsInParallel = 1;
				LastSwiftUpdateCheck = 1340;
				LastUpgradeCheck = 1340;
				TargetAttributes = {
					2AD812CB28AE8D9600D6416C = {
						CreatedOnToolsVersion = 13.4.1;
					};
					2AD812E128AE8D9700D6416C = {
						CreatedOnToolsVersion = 13.4.1;
						TestTargetID = 2AD812CB28AE8D9600D6416C;
					};
					2AD812EB28AE8D9700D6416C = {
						CreatedOnToolsVersion = 13.4.1;
						TestTargetID = 2AD812CB28AE8D9600D6416C;
					};
				};
			};
			buildConfigurationList = 2AD812C728AE8D9600D6416C /* Build configuration list for PBXProject "TechtaGram" */;
			compatibilityVersion = "Xcode 13.0";
			developmentRegion = en;
			hasScannedForEncodings = 0;
			knownRegions = (
				en,
				Base,
			);
			mainGroup = 2AD812C328AE8D9600D6416C;
			productRefGroup = 2AD812CD28AE8D9600D6416C /* Products */;
			projectDirPath = "";
			projectRoot = "";
			targets = (
				2AD812CB28AE8D9600D6416C /* TechtaGram */,
				2AD812E128AE8D9700D6416C /* TechtaGramTests */,
				2AD812EB28AE8D9700D6416C /* TechtaGramUITests */,
			);
		};
/* End PBXProject section */

/* Begin PBXResourcesBuildPhase section */
		2AD812CA28AE8D9600D6416C /* Resources */ = {
			isa = PBXResourcesBuildPhase;
			buildActionMask = 2147483647;
			files = (
				2AD812DC28AE8D9700D6416C /* LaunchScreen.storyboard in Resources */,
				2AD812D928AE8D9700D6416C /* Assets.xcassets in Resources */,
				2AD812D728AE8D9600D6416C /* Main.storyboard in Resources */,
			);
			runOnlyForDeploymentPostprocessing = 0;
		};
		2AD812E028AE8D9700D6416C /* Resources */ = {
			isa = PBXResourcesBuildPhase;
			buildActionMask = 2147483647;
			files = (
			);
			runOnlyForDeploymentPostprocessing = 0;
		};
		2AD812EA28AE8D9700D6416C /* Resources */ = {
			isa = PBXResourcesBuildPhase;
			buildActionMask = 2147483647;
			files = (
			);
			runOnlyForDeploymentPostprocessing = 0;
		};
/* End PBXResourcesBuildPhase section */

/* Begin PBXSourcesBuildPhase section */
		2AD812C828AE8D9600D6416C /* Sources */ = {
			isa = PBXSourcesBuildPhase;
			buildActionMask = 2147483647;
			files = (
				2AD812D428AE8D9600D6416C /* ViewController.swift in Sources */,
				2AD812D028AE8D9600D6416C /* AppDelegate.swift in Sources */,
				2AD812D228AE8D9600D6416C /* SceneDelegate.swift in Sources */,
			);
			runOnlyForDeploymentPostprocessing = 0;
		};
		2AD812DE28AE8D9700D6416C /* Sources */ = {
			isa = PBXSourcesBuildPhase;
			buildActionMask = 2147483647;
			files = (
				2AD812E728AE8D9700D6416C /* TechtaGramTests.swift in Sources */,
			);
			runOnlyForDeploymentPostprocessing = 0;
		};
		2AD812E828AE8D9700D6416C /* Sources */ = {
			isa = PBXSourcesBuildPhase;
			buildActionMask = 2147483647;
			files = (
				2AD812F328AE8D9700D6416C /* TechtaGramUITestsLaunchTests.swift in Sources */,
				2AD812F128AE8D9700D6416C /* TechtaGramUITests.swift in Sources */,
			);
			runOnlyForDeploymentPostprocessing = 0;
		};
/* End PBXSourcesBuildPhase section */

/* Begin PBXTargetDependency section */
		2AD812E428AE8D9700D6416C /* PBXTargetDependency */ = {
			isa = PBXTargetDependency;
			target = 2AD812CB28AE8D9600D6416C /* TechtaGram */;
			targetProxy = 2AD812E328AE8D9700D6416C /* PBXContainerItemProxy */;
		};
		2AD812EE28AE8D9700D6416C /* PBXTargetDependency */ = {
			isa = PBXTargetDependency;
			target = 2AD812CB28AE8D9600D6416C /* TechtaGram */;
			targetProxy = 2AD812ED28AE8D9700D6416C /* PBXContainerItemProxy */;
		};
/* End PBXTargetDependency section */

/* Begin PBXVariantGroup section */
		2AD812D528AE8D9600D6416C /* Main.storyboard */ = {
			isa = PBXVariantGroup;
			children = (
				2AD812D628AE8D9600D6416C /* Base */,
			);
			name = Main.storyboard;
			sourceTree = "<group>";
		};
		2AD812DA28AE8D9700D6416C /* LaunchScreen.storyboard */ = {
			isa = PBXVariantGroup;
			children = (
				2AD812DB28AE8D9700D6416C /* Base */,
			);
			name = LaunchScreen.storyboard;
			sourceTree = "<group>";
		};
/* End PBXVariantGroup section */

/* Begin XCBuildConfiguration section */
		2AD812F428AE8D9700D6416C /* Debug */ = {
			isa = XCBuildConfiguration;
			buildSettings = {
				ALWAYS_SEARCH_USER_PATHS = NO;
				CLANG_ANALYZER_NONNULL = YES;
				CLANG_ANALYZER_NUMBER_OBJECT_CONVERSION = YES_AGGRESSIVE;
				CLANG_CXX_LANGUAGE_STANDARD = "gnu++17";
				CLANG_ENABLE_MODULES = YES;
				CLANG_ENABLE_OBJC_ARC = YES;
				CLANG_ENABLE_OBJC_WEAK = YES;
				CLANG_WARN_BLOCK_CAPTURE_AUTORELEASING = YES;
				CLANG_WARN_BOOL_CONVERSION = YES;
				CLANG_WARN_COMMA = YES;
				CLANG_WARN_CONSTANT_CONVERSION = YES;
				CLANG_WARN_DEPRECATED_OBJC_IMPLEMENTATIONS = YES;
				CLANG_WARN_DIRECT_OBJC_ISA_USAGE = YES_ERROR;
				CLANG_WARN_DOCUMENTATION_COMMENTS = YES;
				CLANG_WARN_EMPTY_BODY = YES;
				CLANG_WARN_ENUM_CONVERSION = YES;
				CLANG_WARN_INFINITE_RECURSION = YES;
				CLANG_WARN_INT_CONVERSION = YES;
				CLANG_WARN_NON_LITERAL_NULL_CONVERSION = YES;
				CLANG_WARN_OBJC_IMPLICIT_RETAIN_SELF = YES;
				CLANG_WARN_OBJC_LITERAL_CONVERSION = YES;
				CLANG_WARN_OBJC_ROOT_CLASS = YES_ERROR;
				CLANG_WARN_QUOTED_INCLUDE_IN_FRAMEWORK_HEADER = YES;
				CLANG_WARN_RANGE_LOOP_ANALYSIS = YES;
				CLANG_WARN_STRICT_PROTOTYPES = YES;
				CLANG_WARN_SUSPICIOUS_MOVE = YES;
				CLANG_WARN_UNGUARDED_AVAILABILITY = YES_AGGRESSIVE;
				CLANG_WARN_UNREACHABLE_CODE = YES;
				CLANG_WARN__DUPLICATE_METHOD_MATCH = YES;
				COPY_PHASE_STRIP = NO;
				DEBUG_INFORMATION_FORMAT = dwarf;
				ENABLE_STRICT_OBJC_MSGSEND = YES;
				ENABLE_TESTABILITY = YES;
				GCC_C_LANGUAGE_STANDARD = gnu11;
				GCC_DYNAMIC_NO_PIC = NO;
				GCC_NO_COMMON_BLOCKS = YES;
				GCC_OPTIMIZATION_LEVEL = 0;
				GCC_PREPROCESSOR_DEFINITIONS = (
					"DEBUG=1",
					"$(inherited)",
				);
				GCC_WARN_64_TO_32_BIT_CONVERSION = YES;
				GCC_WARN_ABOUT_RETURN_TYPE = YES_ERROR;
				GCC_WARN_UNDECLARED_SELECTOR = YES;
				GCC_WARN_UNINITIALIZED_AUTOS = YES_AGGRESSIVE;
				GCC_WARN_UNUSED_FUNCTION = YES;
				GCC_WARN_UNUSED_VARIABLE = YES;
				IPHONEOS_DEPLOYMENT_TARGET = 15.5;
				MTL_ENABLE_DEBUG_INFO = INCLUDE_SOURCE;
				MTL_FAST_MATH = YES;
				ONLY_ACTIVE_ARCH = YES;
				SDKROOT = iphoneos;
				SWIFT_ACTIVE_COMPILATION_CONDITIONS = DEBUG;
				SWIFT_OPTIMIZATION_LEVEL = "-Onone";
			};
			name = Debug;
		};
		2AD812F528AE8D9700D6416C /* Release */ = {
			isa = XCBuildConfiguration;
			buildSettings = {
				ALWAYS_SEARCH_USER_PATHS = NO;
				CLANG_ANALYZER_NONNULL = YES;
				CLANG_ANALYZER_NUMBER_OBJECT_CONVERSION = YES_AGGRESSIVE;
				CLANG_CXX_LANGUAGE_STANDARD = "gnu++17";
				CLANG_ENABLE_MODULES = YES;
				CLANG_ENABLE_OBJC_ARC = YES;
				CLANG_ENABLE_OBJC_WEAK = YES;
				CLANG_WARN_BLOCK_CAPTURE_AUTORELEASING = YES;
				CLANG_WARN_BOOL_CONVERSION = YES;
				CLANG_WARN_COMMA = YES;
				CLANG_WARN_CONSTANT_CONVERSION = YES;
				CLANG_WARN_DEPRECATED_OBJC_IMPLEMENTATIONS = YES;
				CLANG_WARN_DIRECT_OBJC_ISA_USAGE = YES_ERROR;
				CLANG_WARN_DOCUMENTATION_COMMENTS = YES;
				CLANG_WARN_EMPTY_BODY = YES;
				CLANG_WARN_ENUM_CONVERSION = YES;
				CLANG_WARN_INFINITE_RECURSION = YES;
				CLANG_WARN_INT_CONVERSION = YES;
				CLANG_WARN_NON_LITERAL_NULL_CONVERSION = YES;
				CLANG_WARN_OBJC_IMPLICIT_RETAIN_SELF = YES;
				CLANG_WARN_OBJC_LITERAL_CONVERSION = YES;
				CLANG_WARN_OBJC_ROOT_CLASS = YES_ERROR;
				CLANG_WARN_QUOTED_INCLUDE_IN_FRAMEWORK_HEADER = YES;
				CLANG_WARN_RANGE_LOOP_ANALYSIS = YES;
				CLANG_WARN_STRICT_PROTOTYPES = YES;
				CLANG_WARN_SUSPICIOUS_MOVE = YES;
				CLANG_WARN_UNGUARDED_AVAILABILITY = YES_AGGRESSIVE;
				CLANG_WARN_UNREACHABLE_CODE = YES;
				CLANG_WARN__DUPLICATE_METHOD_MATCH = YES;
				COPY_PHASE_STRIP = NO;
				DEBUG_INFORMATION_FORMAT = "dwarf-with-dsym";
				ENABLE_NS_ASSERTIONS = NO;
				ENABLE_STRICT_OBJC_MSGSEND = YES;
				GCC_C_LANGUAGE_STANDARD = gnu11;
				GCC_NO_COMMON_BLOCKS = YES;
				GCC_WARN_64_TO_32_BIT_CONVERSION = YES;
				GCC_WARN_ABOUT_RETURN_TYPE = YES_ERROR;
				GCC_WARN_UNDECLARED_SELECTOR = YES;
				GCC_WARN_UNINITIALIZED_AUTOS = YES_AGGRESSIVE;
				GCC_WARN_UNUSED_FUNCTION = YES;
				GCC_WARN_UNUSED_VARIABLE = YES;
				IPHONEOS_DEPLOYMENT_TARGET = 15.5;
				MTL_ENABLE_DEBUG_INFO = NO;
				MTL_FAST_MATH = YES;
				SDKROOT = iphoneos;
				SWIFT_COMPILATION_MODE = wholemodule;
				SWIFT_OPTIMIZATION_LEVEL = "-O";
				VALIDATE_PRODUCT = YES;
			};
			name = Release;
		};
		2AD812F728AE8D9700D6416C /* Debug */ = {
			isa = XCBuildConfiguration;
			buildSettings = {
				ASSETCATALOG_COMPILER_APPICON_NAME = AppIcon;
				ASSETCATALOG_COMPILER_GLOBAL_ACCENT_COLOR_NAME = AccentColor;
				CODE_SIGN_STYLE = Automatic;
				CURRENT_PROJECT_VERSION = 1;
				DEVELOPMENT_TEAM = YVXUM882PV;
				GENERATE_INFOPLIST_FILE = YES;
				INFOPLIST_FILE = TechtaGram/Info.plist;
				INFOPLIST_KEY_NSCameraUsageDescription = "アプリ内で編集する写真を撮るためにカメラを起動します";
				INFOPLIST_KEY_NSPhotoLibraryUsageDescription = "編集した画像をフォトライブラリに保存します";
				INFOPLIST_KEY_UIApplicationSupportsIndirectInputEvents = YES;
				INFOPLIST_KEY_UILaunchStoryboardName = LaunchScreen;
				INFOPLIST_KEY_UIMainStoryboardFile = Main;
				INFOPLIST_KEY_UISupportedInterfaceOrientations_iPad = "UIInterfaceOrientationPortrait UIInterfaceOrientationPortraitUpsideDown UIInterfaceOrientationLandscapeLeft UIInterfaceOrientationLandscapeRight";
				INFOPLIST_KEY_UISupportedInterfaceOrientations_iPhone = "UIInterfaceOrientationPortrait UIInterfaceOrientationLandscapeLeft UIInterfaceOrientationLandscapeRight";
				LD_RUNPATH_SEARCH_PATHS = (
					"$(inherited)",
					"@executable_path/Frameworks",
				);
				MARKETING_VERSION = 1.0;
				PRODUCT_BUNDLE_IDENTIFIER = app.Fujiwara.ehuji.TechtaGram;
				PRODUCT_NAME = "$(TARGET_NAME)";
				SWIFT_EMIT_LOC_STRINGS = YES;
				SWIFT_VERSION = 5.0;
				TARGETED_DEVICE_FAMILY = "1,2";
			};
			name = Debug;
		};
		2AD812F828AE8D9700D6416C /* Release */ = {
			isa = XCBuildConfiguration;
			buildSettings = {
				ASSETCATALOG_COMPILER_APPICON_NAME = AppIcon;
				ASSETCATALOG_COMPILER_GLOBAL_ACCENT_COLOR_NAME = AccentColor;
				CODE_SIGN_STYLE = Automatic;
				CURRENT_PROJECT_VERSION = 1;
				DEVELOPMENT_TEAM = YVXUM882PV;
				GENERATE_INFOPLIST_FILE = YES;
				INFOPLIST_FILE = TechtaGram/Info.plist;
				INFOPLIST_KEY_NSCameraUsageDescription = "アプリ内で編集する写真を撮るためにカメラを起動します";
				INFOPLIST_KEY_NSPhotoLibraryUsageDescription = "編集した画像をフォトライブラリに保存します";
				INFOPLIST_KEY_UIApplicationSupportsIndirectInputEvents = YES;
				INFOPLIST_KEY_UILaunchStoryboardName = LaunchScreen;
				INFOPLIST_KEY_UIMainStoryboardFile = Main;
				INFOPLIST_KEY_UISupportedInterfaceOrientations_iPad = "UIInterfaceOrientationPortrait UIInterfaceOrientationPortraitUpsideDown UIInterfaceOrientationLandscapeLeft UIInterfaceOrientationLandscapeRight";
				INFOPLIST_KEY_UISupportedInterfaceOrientations_iPhone = "UIInterfaceOrientationPortrait UIInterfaceOrientationLandscapeLeft UIInterfaceOrientationLandscapeRight";
				LD_RUNPATH_SEARCH_PATHS = (
					"$(inherited)",
					"@executable_path/Frameworks",
				);
				MARKETING_VERSION = 1.0;
				PRODUCT_BUNDLE_IDENTIFIER = app.Fujiwara.ehuji.TechtaGram;
				PRODUCT_NAME = "$(TARGET_NAME)";
				SWIFT_EMIT_LOC_STRINGS = YES;
				SWIFT_VERSION = 5.0;
				TARGETED_DEVICE_FAMILY = "1,2";
			};
			name = Release;
		};
		2AD812FA28AE8D9700D6416C /* Debug */ = {
			isa = XCBuildConfiguration;
			buildSettings = {
				ALWAYS_EMBED_SWIFT_STANDARD_LIBRARIES = YES;
				BUNDLE_LOADER = "$(TEST_HOST)";
				CODE_SIGN_STYLE = Automatic;
				CURRENT_PROJECT_VERSION = 1;
				DEVELOPMENT_TEAM = YVXUM882PV;
				GENERATE_INFOPLIST_FILE = YES;
				IPHONEOS_DEPLOYMENT_TARGET = 15.5;
				MARKETING_VERSION = 1.0;
				PRODUCT_BUNDLE_IDENTIFIER = app.Fujiwara.ehuji.TechtaGramTests;
				PRODUCT_NAME = "$(TARGET_NAME)";
				SWIFT_EMIT_LOC_STRINGS = NO;
				SWIFT_VERSION = 5.0;
				TARGETED_DEVICE_FAMILY = "1,2";
				TEST_HOST = "$(BUILT_PRODUCTS_DIR)/TechtaGram.app/TechtaGram";
			};
			name = Debug;
		};
		2AD812FB28AE8D9700D6416C /* Release */ = {
			isa = XCBuildConfiguration;
			buildSettings = {
				ALWAYS_EMBED_SWIFT_STANDARD_LIBRARIES = YES;
				BUNDLE_LOADER = "$(TEST_HOST)";
				CODE_SIGN_STYLE = Automatic;
				CURRENT_PROJECT_VERSION = 1;
				DEVELOPMENT_TEAM = YVXUM882PV;
				GENERATE_INFOPLIST_FILE = YES;
				IPHONEOS_DEPLOYMENT_TARGET = 15.5;
				MARKETING_VERSION = 1.0;
				PRODUCT_BUNDLE_IDENTIFIER = app.Fujiwara.ehuji.TechtaGramTests;
				PRODUCT_NAME = "$(TARGET_NAME)";
				SWIFT_EMIT_LOC_STRINGS = NO;
				SWIFT_VERSION = 5.0;
				TARGETED_DEVICE_FAMILY = "1,2";
				TEST_HOST = "$(BUILT_PRODUCTS_DIR)/TechtaGram.app/TechtaGram";
			};
			name = Release;
		};
		2AD812FD28AE8D9700D6416C /* Debug */ = {
			isa = XCBuildConfiguration;
			buildSettings = {
				ALWAYS_EMBED_SWIFT_STANDARD_LIBRARIES = YES;
				CODE_SIGN_STYLE = Automatic;
				CURRENT_PROJECT_VERSION = 1;
				DEVELOPMENT_TEAM = YVXUM882PV;
				GENERATE_INFOPLIST_FILE = YES;
				MARKETING_VERSION = 1.0;
				PRODUCT_BUNDLE_IDENTIFIER = app.Fujiwara.ehuji.TechtaGramUITests;
				PRODUCT_NAME = "$(TARGET_NAME)";
				SWIFT_EMIT_LOC_STRINGS = NO;
				SWIFT_VERSION = 5.0;
				TARGETED_DEVICE_FAMILY = "1,2";
				TEST_TARGET_NAME = TechtaGram;
			};
			name = Debug;
		};
		2AD812FE28AE8D9700D6416C /* Release */ = {
			isa = XCBuildConfiguration;
			buildSettings = {
				ALWAYS_EMBED_SWIFT_STANDARD_LIBRARIES = YES;
				CODE_SIGN_STYLE = Automatic;
				CURRENT_PROJECT_VERSION = 1;
				DEVELOPMENT_TEAM = YVXUM882PV;
				GENERATE_INFOPLIST_FILE = YES;
				MARKETING_VERSION = 1.0;
				PRODUCT_BUNDLE_IDENTIFIER = app.Fujiwara.ehuji.TechtaGramUITests;
				PRODUCT_NAME = "$(TARGET_NAME)";
				SWIFT_EMIT_LOC_STRINGS = NO;
				SWIFT_VERSION = 5.0;
				TARGETED_DEVICE_FAMILY = "1,2";
				TEST_TARGET_NAME = TechtaGram;
			};
			name = Release;
		};
/* End XCBuildConfiguration section */

/* Begin XCConfigurationList section */
		2AD812C728AE8D9600D6416C /* Build configuration list for PBXProject "TechtaGram" */ = {
			isa = XCConfigurationList;
			buildConfigurations = (
				2AD812F428AE8D9700D6416C /* Debug */,
				2AD812F528AE8D9700D6416C /* Release */,
			);
			defaultConfigurationIsVisible = 0;
			defaultConfigurationName = Release;
		};
		2AD812F628AE8D9700D6416C /* Build configuration list for PBXNativeTarget "TechtaGram" */ = {
			isa = XCConfigurationList;
			buildConfigurations = (
				2AD812F728AE8D9700D6416C /* Debug */,
				2AD812F828AE8D9700D6416C /* Release */,
			);
			defaultConfigurationIsVisible = 0;
			defaultConfigurationName = Release;
		};
		2AD812F928AE8D9700D6416C /* Build configuration list for PBXNativeTarget "TechtaGramTests" */ = {
			isa = XCConfigurationList;
			buildConfigurations = (
				2AD812FA28AE8D9700D6416C /* Debug */,
				2AD812FB28AE8D9700D6416C /* Release */,
			);
			defaultConfigurationIsVisible = 0;
			defaultConfigurationName = Release;
		};
		2AD812FC28AE8D9700D6416C /* Build configuration list for PBXNativeTarget "TechtaGramUITests" */ = {
			isa = XCConfigurationList;
			buildConfigurations = (
				2AD812FD28AE8D9700D6416C /* Debug */,
				2AD812FE28AE8D9700D6416C /* Release */,
			);
			defaultConfigurationIsVisible = 0;
			defaultConfigurationName = Release;
		};
/* End XCConfigurationList section */
	};
	rootObject = 2AD812C428AE8D9600D6416C /* Project object */;
}
